{
  "version": 4,
  "terraform_version": "1.3.9",
  "serial": 392,
  "lineage": "a174469a-a5ea-cb37-2f3b-5fdf7cbd6a37",
  "outputs": {
    "external_ip_address_node01": {
      "value": "84.201.162.36",
      "type": "string"
    },
    "external_ip_address_node02": {
      "value": "84.252.137.141",
      "type": "string"
    },
    "external_ip_address_node03": {
      "value": "84.201.166.18",
      "type": "string"
    },
    "internal_ip_address_node01": {
      "value": "192.168.101.11",
      "type": "string"
    },
    "internal_ip_address_node02": {
      "value": "192.168.101.12",
      "type": "string"
    },
    "internal_ip_address_node03": {
      "value": "192.168.101.13",
      "type": "string"
    }
  },
  "resources": [
    {
      "mode": "managed",
      "type": "local_file",
      "name": "inventory",
      "provider": "provider[\"registry.terraform.io/hashicorp/local\"]",
      "instances": [
        {
          "schema_version": 0,
          "attributes": {
            "content": "# Ansible inventory containing variable values from Terraform.\r\n# Generated by Terraform.\r\n\r\n[clickhouse]\r\nclickhouse01.netology.yc ansible_host=84.201.162.36 ansible_user=ubuntu\r\n\r\n[vector]\r\nvector01.netology.yc ansible_host=84.252.137.141 ansible_user=ubuntu\r\n\r\n[lighthouse]\r\nlighthouse01.netology.yc ansible_host=84.201.166.18 ansible_user=ubuntu\r\n\r\n",
            "content_base64": null,
            "content_base64sha256": "Kyw57l/RDYgvVYM/3IinIrh5nmiRaOp9Ys2QWCNtqdc=",
            "content_base64sha512": "2Be+usAAPcBVdthIUNsK6BnQtE6MIyzcinKCw0qoN0aQdcUkumAbhTCMR2x6KjCfH9brvUkFMKmGvCG/Arr8mQ==",
            "content_md5": "4e0d3d3a8c4c846ce46bc4e4a70b53f4",
            "content_sha1": "ace4a8339690e46fbe4b041d2975f41c83d585ce",
            "content_sha256": "2b2c39ee5fd10d882f55833fdc88a722b8799e689168ea7d62cd9058236da9d7",
            "content_sha512": "d817bebac0003dc05576d84850db0ae819d0b44e8c232cdc8a7282c34aa837469075c524ba601b85308c476c7a2a309f1fd6ebbd490530a986bc21bf02bafc99",
            "directory_permission": "0777",
            "file_permission": "0777",
            "filename": "../playbook/inventory/prod.yml",
            "id": "ace4a8339690e46fbe4b041d2975f41c83d585ce",
            "sensitive_content": null,
            "source": null
          },
          "sensitive_attributes": [],
          "dependencies": [
            "yandex_compute_instance.clickhouse01",
            "yandex_compute_instance.lighthouse01",
            "yandex_compute_instance.vector01",
            "yandex_vpc_network.default",
            "yandex_vpc_subnet.default"
          ]
        }
      ]
    },
    {
      "mode": "managed",
      "type": "null_resource",
      "name": "cluster",
      "provider": "provider[\"registry.terraform.io/hashicorp/null\"]",
      "instances": [
        {
          "status": "tainted",
          "schema_version": 0,
          "attributes": {
            "id": "1123325186",
            "triggers": null
          },
          "sensitive_attributes": [],
          "dependencies": [
            "local_file.inventory",
            "null_resource.wait",
            "yandex_compute_instance.clickhouse01",
            "yandex_compute_instance.lighthouse01",
            "yandex_compute_instance.vector01",
            "yandex_vpc_network.default",
            "yandex_vpc_subnet.default"
          ]
        }
      ]
    },
    {
      "mode": "managed",
      "type": "null_resource",
      "name": "wait",
      "provider": "provider[\"registry.terraform.io/hashicorp/null\"]",
      "instances": [
        {
          "schema_version": 0,
          "attributes": {
            "id": "397530192",
            "triggers": null
          },
          "sensitive_attributes": [],
          "dependencies": [
            "local_file.inventory",
            "yandex_compute_instance.clickhouse01",
            "yandex_compute_instance.lighthouse01",
            "yandex_compute_instance.vector01",
            "yandex_vpc_network.default",
            "yandex_vpc_subnet.default"
          ]
        }
      ]
    },
    {
      "mode": "managed",
      "type": "yandex_compute_instance",
      "name": "clickhouse01",
      "provider": "provider[\"registry.terraform.io/yandex-cloud/yandex\"]",
      "instances": [
        {
          "schema_version": 1,
          "attributes": {
            "allow_recreate": null,
            "allow_stopping_for_update": true,
            "boot_disk": [
              {
                "auto_delete": true,
                "device_name": "epd2jkdovvadv43vq7mf",
                "disk_id": "epd2jkdovvadv43vq7mf",
                "initialize_params": [
                  {
                    "block_size": 4096,
                    "description": "",
                    "image_id": "fd80d16oleqvtagvi2ht",
                    "name": "root-clickhouse01",
                    "size": 10,
                    "snapshot_id": "",
                    "type": "network-ssd"
                  }
                ],
                "mode": "READ_WRITE"
              }
            ],
            "created_at": "2023-05-23T19:56:04Z",
            "description": "",
            "filesystem": [],
            "folder_id": "b1gse6fjmhipl4je57pj",
            "fqdn": "clickhouse01.netology.yc",
            "gpu_cluster_id": "",
            "hostname": "clickhouse01.netology.yc",
            "id": "epdihs63geuqtl9hgiog",
            "labels": null,
            "local_disk": [],
            "metadata": {
              "ssh-keys": "ubuntu:ssh-rsa AAAAB3NzaC1yc2EAAAADAQABAAABgQCTR2s2Gjdpv2Sq9gBVGnsnZaN0hr8h+N05s03RZOgucyFZ7b2rRlav36Bl8Dg1noje9+o5zIha9bNYwpBmZLGJRsYLI9mmh7NRruapJr/nUYNcbzsZCRvRq85aORorA78KE86sCHgzaA4DNdY3B6TIVInVC1SvImwmhNKZaLu+yqk1v04T6AjfPc5QLb+tors3r2r+5esNj/8Ej9HEGsnXVQmcXRmRRck7FINXxoJdSgOFoKYYnLwCGboXeCtL7sl2G40HLqcclnjVs3lwXZkvkcmWmJcL02aqT4BtL+pDG6D9SUGu3kJIuD3+X+RcMPh+w83bDsefn6dF2s3R1Y06AdAr8JiyHDPsDvsImopCH8udwGCSemSCpo0Xq4LRx0SZx288PaHwFgNUgVZq0g2yIr2D5twAq0m7TWqbvi0qYOIoUbDc3CaDlmcZw9Zrq3rled8UyAjPHwb4sgzOroIavsfvEhkba97qmw/W6RcdjHphwjM/QaWJ8Ye4AK+uRFM= yelena@DESKTOP-T14F2UM\n"
            },
            "metadata_options": [
              {
                "aws_v1_http_endpoint": 1,
                "aws_v1_http_token": 2,
                "gce_http_endpoint": 1,
                "gce_http_token": 1
              }
            ],
            "name": "clickhouse01",
            "network_acceleration_type": "standard",
            "network_interface": [
              {
                "dns_record": [],
                "index": 0,
                "ip_address": "192.168.101.11",
                "ipv4": true,
                "ipv6": false,
                "ipv6_address": "",
                "ipv6_dns_record": [],
                "mac_address": "d0:0d:12:8f:0c:38",
                "nat": true,
                "nat_dns_record": [],
                "nat_ip_address": "84.201.162.36",
                "nat_ip_version": "IPV4",
                "security_group_ids": [],
                "subnet_id": "e2lg69fkdoh8gfr4c6g4"
              }
            ],
            "placement_policy": [
              {
                "host_affinity_rules": [],
                "placement_group_id": ""
              }
            ],
            "platform_id": "standard-v1",
            "resources": [
              {
                "core_fraction": 100,
                "cores": 2,
                "gpus": 0,
                "memory": 4
              }
            ],
            "scheduling_policy": [
              {
                "preemptible": false
              }
            ],
            "secondary_disk": [],
            "service_account_id": "",
            "status": "running",
            "timeouts": null,
            "zone": "ru-central1-b"
          },
          "sensitive_attributes": [],
          "private": "eyJlMmJmYjczMC1lY2FhLTExZTYtOGY4OC0zNDM2M2JjN2M0YzAiOnsiY3JlYXRlIjozMDAwMDAwMDAwMDAsImRlbGV0ZSI6MzAwMDAwMDAwMDAwLCJ1cGRhdGUiOjMwMDAwMDAwMDAwMH0sInNjaGVtYV92ZXJzaW9uIjoiMSJ9",
          "dependencies": [
            "yandex_vpc_network.default",
            "yandex_vpc_subnet.default"
          ]
        }
      ]
    },
    {
      "mode": "managed",
      "type": "yandex_compute_instance",
      "name": "lighthouse01",
      "provider": "provider[\"registry.terraform.io/yandex-cloud/yandex\"]",
      "instances": [
        {
          "schema_version": 1,
          "attributes": {
            "allow_recreate": null,
            "allow_stopping_for_update": true,
            "boot_disk": [
              {
                "auto_delete": true,
                "device_name": "epdql3jetlisk4n2irvu",
                "disk_id": "epdql3jetlisk4n2irvu",
                "initialize_params": [
                  {
                    "block_size": 4096,
                    "description": "",
                    "image_id": "fd80d16oleqvtagvi2ht",
                    "name": "root-lighthouse01",
                    "size": 10,
                    "snapshot_id": "",
                    "type": "network-ssd"
                  }
                ],
                "mode": "READ_WRITE"
              }
            ],
            "created_at": "2023-05-23T19:56:04Z",
            "description": "",
            "filesystem": [],
            "folder_id": "b1gse6fjmhipl4je57pj",
            "fqdn": "lighthouse01.netology.yc",
            "gpu_cluster_id": "",
            "hostname": "lighthouse01.netology.yc",
            "id": "epdprs0lj1n51nsl8uhs",
            "labels": null,
            "local_disk": [],
            "metadata": {
              "ssh-keys": "ubuntu:ssh-rsa AAAAB3NzaC1yc2EAAAADAQABAAABgQCTR2s2Gjdpv2Sq9gBVGnsnZaN0hr8h+N05s03RZOgucyFZ7b2rRlav36Bl8Dg1noje9+o5zIha9bNYwpBmZLGJRsYLI9mmh7NRruapJr/nUYNcbzsZCRvRq85aORorA78KE86sCHgzaA4DNdY3B6TIVInVC1SvImwmhNKZaLu+yqk1v04T6AjfPc5QLb+tors3r2r+5esNj/8Ej9HEGsnXVQmcXRmRRck7FINXxoJdSgOFoKYYnLwCGboXeCtL7sl2G40HLqcclnjVs3lwXZkvkcmWmJcL02aqT4BtL+pDG6D9SUGu3kJIuD3+X+RcMPh+w83bDsefn6dF2s3R1Y06AdAr8JiyHDPsDvsImopCH8udwGCSemSCpo0Xq4LRx0SZx288PaHwFgNUgVZq0g2yIr2D5twAq0m7TWqbvi0qYOIoUbDc3CaDlmcZw9Zrq3rled8UyAjPHwb4sgzOroIavsfvEhkba97qmw/W6RcdjHphwjM/QaWJ8Ye4AK+uRFM= yelena@DESKTOP-T14F2UM\n"
            },
            "metadata_options": [
              {
                "aws_v1_http_endpoint": 1,
                "aws_v1_http_token": 2,
                "gce_http_endpoint": 1,
                "gce_http_token": 1
              }
            ],
            "name": "lighthouse01",
            "network_acceleration_type": "standard",
            "network_interface": [
              {
                "dns_record": [],
                "index": 0,
                "ip_address": "192.168.101.13",
                "ipv4": true,
                "ipv6": false,
                "ipv6_address": "",
                "ipv6_dns_record": [],
                "mac_address": "d0:0d:19:df:01:59",
                "nat": true,
                "nat_dns_record": [],
                "nat_ip_address": "84.201.166.18",
                "nat_ip_version": "IPV4",
                "security_group_ids": [],
                "subnet_id": "e2lg69fkdoh8gfr4c6g4"
              }
            ],
            "placement_policy": [
              {
                "host_affinity_rules": [],
                "placement_group_id": ""
              }
            ],
            "platform_id": "standard-v1",
            "resources": [
              {
                "core_fraction": 100,
                "cores": 2,
                "gpus": 0,
                "memory": 2
              }
            ],
            "scheduling_policy": [
              {
                "preemptible": false
              }
            ],
            "secondary_disk": [],
            "service_account_id": "",
            "status": "running",
            "timeouts": null,
            "zone": "ru-central1-b"
          },
          "sensitive_attributes": [],
          "private": "eyJlMmJmYjczMC1lY2FhLTExZTYtOGY4OC0zNDM2M2JjN2M0YzAiOnsiY3JlYXRlIjozMDAwMDAwMDAwMDAsImRlbGV0ZSI6MzAwMDAwMDAwMDAwLCJ1cGRhdGUiOjMwMDAwMDAwMDAwMH0sInNjaGVtYV92ZXJzaW9uIjoiMSJ9",
          "dependencies": [
            "yandex_vpc_network.default",
            "yandex_vpc_subnet.default"
          ]
        }
      ]
    },
    {
      "mode": "managed",
      "type": "yandex_compute_instance",
      "name": "vector01",
      "provider": "provider[\"registry.terraform.io/yandex-cloud/yandex\"]",
      "instances": [
        {
          "schema_version": 1,
          "attributes": {
            "allow_recreate": null,
            "allow_stopping_for_update": true,
            "boot_disk": [
              {
                "auto_delete": true,
                "device_name": "epd0lnp3e1eplk4mf25k",
                "disk_id": "epd0lnp3e1eplk4mf25k",
                "initialize_params": [
                  {
                    "block_size": 4096,
                    "description": "",
                    "image_id": "fd80d16oleqvtagvi2ht",
                    "name": "root-vector01",
                    "size": 10,
                    "snapshot_id": "",
                    "type": "network-ssd"
                  }
                ],
                "mode": "READ_WRITE"
              }
            ],
            "created_at": "2023-05-23T19:56:04Z",
            "description": "",
            "filesystem": [],
            "folder_id": "b1gse6fjmhipl4je57pj",
            "fqdn": "vector01.netology.yc",
            "gpu_cluster_id": "",
            "hostname": "vector01.netology.yc",
            "id": "epd0u6me4fqaa222d712",
            "labels": null,
            "local_disk": [],
            "metadata": {
              "ssh-keys": "ubuntu:ssh-rsa AAAAB3NzaC1yc2EAAAADAQABAAABgQCTR2s2Gjdpv2Sq9gBVGnsnZaN0hr8h+N05s03RZOgucyFZ7b2rRlav36Bl8Dg1noje9+o5zIha9bNYwpBmZLGJRsYLI9mmh7NRruapJr/nUYNcbzsZCRvRq85aORorA78KE86sCHgzaA4DNdY3B6TIVInVC1SvImwmhNKZaLu+yqk1v04T6AjfPc5QLb+tors3r2r+5esNj/8Ej9HEGsnXVQmcXRmRRck7FINXxoJdSgOFoKYYnLwCGboXeCtL7sl2G40HLqcclnjVs3lwXZkvkcmWmJcL02aqT4BtL+pDG6D9SUGu3kJIuD3+X+RcMPh+w83bDsefn6dF2s3R1Y06AdAr8JiyHDPsDvsImopCH8udwGCSemSCpo0Xq4LRx0SZx288PaHwFgNUgVZq0g2yIr2D5twAq0m7TWqbvi0qYOIoUbDc3CaDlmcZw9Zrq3rled8UyAjPHwb4sgzOroIavsfvEhkba97qmw/W6RcdjHphwjM/QaWJ8Ye4AK+uRFM= yelena@DESKTOP-T14F2UM\n"
            },
            "metadata_options": [
              {
                "aws_v1_http_endpoint": 1,
                "aws_v1_http_token": 2,
                "gce_http_endpoint": 1,
                "gce_http_token": 1
              }
            ],
            "name": "vector01",
            "network_acceleration_type": "standard",
            "network_interface": [
              {
                "dns_record": [],
                "index": 0,
                "ip_address": "192.168.101.12",
                "ipv4": true,
                "ipv6": false,
                "ipv6_address": "",
                "ipv6_dns_record": [],
                "mac_address": "d0:0d:f1:ac:e2:3f",
                "nat": true,
                "nat_dns_record": [],
                "nat_ip_address": "84.252.137.141",
                "nat_ip_version": "IPV4",
                "security_group_ids": [],
                "subnet_id": "e2lg69fkdoh8gfr4c6g4"
              }
            ],
            "placement_policy": [
              {
                "host_affinity_rules": [],
                "placement_group_id": ""
              }
            ],
            "platform_id": "standard-v1",
            "resources": [
              {
                "core_fraction": 100,
                "cores": 2,
                "gpus": 0,
                "memory": 2
              }
            ],
            "scheduling_policy": [
              {
                "preemptible": false
              }
            ],
            "secondary_disk": [],
            "service_account_id": "",
            "status": "running",
            "timeouts": null,
            "zone": "ru-central1-b"
          },
          "sensitive_attributes": [],
          "private": "eyJlMmJmYjczMC1lY2FhLTExZTYtOGY4OC0zNDM2M2JjN2M0YzAiOnsiY3JlYXRlIjozMDAwMDAwMDAwMDAsImRlbGV0ZSI6MzAwMDAwMDAwMDAwLCJ1cGRhdGUiOjMwMDAwMDAwMDAwMH0sInNjaGVtYV92ZXJzaW9uIjoiMSJ9",
          "dependencies": [
            "yandex_vpc_network.default",
            "yandex_vpc_subnet.default"
          ]
        }
      ]
    },
    {
      "mode": "managed",
      "type": "yandex_vpc_network",
      "name": "default",
      "provider": "provider[\"registry.terraform.io/yandex-cloud/yandex\"]",
      "instances": [
        {
          "schema_version": 0,
          "attributes": {
            "created_at": "2023-05-23T19:55:55Z",
            "default_security_group_id": "",
            "description": "",
            "folder_id": "b1gse6fjmhipl4je57pj",
            "id": "enplju0aqpbshtg38tts",
            "labels": {},
            "name": "mynewnet",
            "subnet_ids": [],
            "timeouts": null
          },
          "sensitive_attributes": [],
          "private": "eyJlMmJmYjczMC1lY2FhLTExZTYtOGY4OC0zNDM2M2JjN2M0YzAiOnsiY3JlYXRlIjo2MDAwMDAwMDAwMCwiZGVsZXRlIjo2MDAwMDAwMDAwMCwidXBkYXRlIjo2MDAwMDAwMDAwMH19"
        }
      ]
    },
    {
      "mode": "managed",
      "type": "yandex_vpc_subnet",
      "name": "default",
      "provider": "provider[\"registry.terraform.io/yandex-cloud/yandex\"]",
      "instances": [
        {
          "schema_version": 0,
          "attributes": {
            "created_at": "2023-05-23T19:55:55Z",
            "description": "",
            "dhcp_options": [],
            "folder_id": "b1gse6fjmhipl4je57pj",
            "id": "e2lg69fkdoh8gfr4c6g4",
            "labels": {},
            "name": "mynewsubnet",
            "network_id": "enplju0aqpbshtg38tts",
            "route_table_id": "",
            "timeouts": null,
            "v4_cidr_blocks": [
              "192.168.101.0/24"
            ],
            "v6_cidr_blocks": [],
            "zone": "ru-central1-b"
          },
          "sensitive_attributes": [],
          "private": "eyJlMmJmYjczMC1lY2FhLTExZTYtOGY4OC0zNDM2M2JjN2M0YzAiOnsiY3JlYXRlIjoxODAwMDAwMDAwMDAsImRlbGV0ZSI6MTgwMDAwMDAwMDAwLCJ1cGRhdGUiOjE4MDAwMDAwMDAwMH19",
          "dependencies": [
            "yandex_vpc_network.default"
          ]
        }
      ]
    }
  ],
  "check_results": null
}
