{
  "version": 4,
  "terraform_version": "1.3.9",
  "serial": 534,
  "lineage": "a174469a-a5ea-cb37-2f3b-5fdf7cbd6a37",
  "outputs": {
    "external_ip_address_node01": {
      "value": "158.160.74.63",
      "type": "string"
    },
    "internal_ip_address_node01": {
      "value": "192.168.101.11",
      "type": "string"
    }
  },
  "resources": [
    {
      "mode": "managed",
      "type": "local_file",
      "name": "inventory",
      "provider": "provider[\"registry.terraform.io/hashicorp/local\"]",
      "instances": [
        {
          "schema_version": 0,
          "attributes": {
            "content": "# Ansible inventory containing variable values from Terraform.\r\n# Generated by Terraform.\r\n\r\n[clickhouse]\r\nclickhouse01.netology.yc ansible_host=158.160.74.63 ansible_user=ubuntu\r\n\r\n",
            "content_base64": null,
            "content_base64sha256": "6K8516YKJYNa12RDWVUO1rRiqwD4iyfacG4jHGwki0s=",
            "content_base64sha512": "aJJnkhqAqsI7hCJL9N8c1rIW1sPyv9+LbCPVsKBb2vX14ADnFx69v4FROJnKv6FwPYSEBGZ5UHs4p3uBZSHTxA==",
            "content_md5": "db21a403e235ee5e89f9840711f1353f",
            "content_sha1": "eee8bd39149063621c90c3114ff34c8583e535bd",
            "content_sha256": "e8af39d7a60a25835ad7644359550ed6b462ab00f88b27da706e231c6c248b4b",
            "content_sha512": "689267921a80aac23b84224bf4df1cd6b216d6c3f2bfdf8b6c23d5b0a05bdaf5f5e000e7171ebdbf81513899cabfa1703d8484046679507b38a77b816521d3c4",
            "directory_permission": "0777",
            "file_permission": "0777",
            "filename": "../inventory/prod.yml",
            "id": "eee8bd39149063621c90c3114ff34c8583e535bd",
            "sensitive_content": null,
            "source": null
          },
          "sensitive_attributes": [],
          "dependencies": [
            "yandex_compute_instance.clickhouse01",
            "yandex_vpc_network.default",
            "yandex_vpc_subnet.default"
          ]
        }
      ]
    },
    {
      "mode": "managed",
      "type": "null_resource",
      "name": "cluster",
      "provider": "provider[\"registry.terraform.io/hashicorp/null\"]",
      "instances": [
        {
          "schema_version": 0,
          "attributes": {
            "id": "539101192",
            "triggers": null
          },
          "sensitive_attributes": [],
          "dependencies": [
            "local_file.inventory",
            "null_resource.wait",
            "yandex_compute_instance.clickhouse01",
            "yandex_vpc_network.default",
            "yandex_vpc_subnet.default"
          ]
        }
      ]
    },
    {
      "mode": "managed",
      "type": "null_resource",
      "name": "wait",
      "provider": "provider[\"registry.terraform.io/hashicorp/null\"]",
      "instances": [
        {
          "schema_version": 0,
          "attributes": {
            "id": "1142574419",
            "triggers": null
          },
          "sensitive_attributes": [],
          "dependencies": [
            "local_file.inventory",
            "yandex_compute_instance.clickhouse01",
            "yandex_vpc_network.default",
            "yandex_vpc_subnet.default"
          ]
        }
      ]
    },
    {
      "mode": "managed",
      "type": "yandex_compute_instance",
      "name": "clickhouse01",
      "provider": "provider[\"registry.terraform.io/yandex-cloud/yandex\"]",
      "instances": [
        {
          "schema_version": 1,
          "attributes": {
            "allow_recreate": null,
            "allow_stopping_for_update": true,
            "boot_disk": [
              {
                "auto_delete": true,
                "device_name": "epdq0hm3cudqnlrkbkhg",
                "disk_id": "epdq0hm3cudqnlrkbkhg",
                "initialize_params": [
                  {
                    "block_size": 4096,
                    "description": "",
                    "image_id": "fd80d16oleqvtagvi2ht",
                    "name": "root-clickhouse01",
                    "size": 10,
                    "snapshot_id": "",
                    "type": "network-ssd"
                  }
                ],
                "mode": "READ_WRITE"
              }
            ],
            "created_at": "2023-06-22T16:53:52Z",
            "description": "",
            "filesystem": [],
            "folder_id": "b1gse6fjmhipl4je57pj",
            "fqdn": "clickhouse01.netology.yc",
            "gpu_cluster_id": "",
            "hostname": "clickhouse01.netology.yc",
            "id": "epdbmn9napoftch0cuce",
            "labels": null,
            "local_disk": [],
            "metadata": {
              "ssh-keys": "ubuntu:ssh-rsa AAAAB3NzaC1yc2EAAAADAQABAAABgQCTR2s2Gjdpv2Sq9gBVGnsnZaN0hr8h+N05s03RZOgucyFZ7b2rRlav36Bl8Dg1noje9+o5zIha9bNYwpBmZLGJRsYLI9mmh7NRruapJr/nUYNcbzsZCRvRq85aORorA78KE86sCHgzaA4DNdY3B6TIVInVC1SvImwmhNKZaLu+yqk1v04T6AjfPc5QLb+tors3r2r+5esNj/8Ej9HEGsnXVQmcXRmRRck7FINXxoJdSgOFoKYYnLwCGboXeCtL7sl2G40HLqcclnjVs3lwXZkvkcmWmJcL02aqT4BtL+pDG6D9SUGu3kJIuD3+X+RcMPh+w83bDsefn6dF2s3R1Y06AdAr8JiyHDPsDvsImopCH8udwGCSemSCpo0Xq4LRx0SZx288PaHwFgNUgVZq0g2yIr2D5twAq0m7TWqbvi0qYOIoUbDc3CaDlmcZw9Zrq3rled8UyAjPHwb4sgzOroIavsfvEhkba97qmw/W6RcdjHphwjM/QaWJ8Ye4AK+uRFM= yelena@DESKTOP-T14F2UM\n"
            },
            "metadata_options": [
              {
                "aws_v1_http_endpoint": 1,
                "aws_v1_http_token": 2,
                "gce_http_endpoint": 1,
                "gce_http_token": 1
              }
            ],
            "name": "clickhouse01",
            "network_acceleration_type": "standard",
            "network_interface": [
              {
                "dns_record": [],
                "index": 0,
                "ip_address": "192.168.101.11",
                "ipv4": true,
                "ipv6": false,
                "ipv6_address": "",
                "ipv6_dns_record": [],
                "mac_address": "d0:0d:bb:5d:37:56",
                "nat": true,
                "nat_dns_record": [],
                "nat_ip_address": "158.160.74.63",
                "nat_ip_version": "IPV4",
                "security_group_ids": [],
                "subnet_id": "e2lj9nh3oneglilqi7e3"
              }
            ],
            "placement_policy": [
              {
                "host_affinity_rules": [],
                "placement_group_id": ""
              }
            ],
            "platform_id": "standard-v1",
            "resources": [
              {
                "core_fraction": 100,
                "cores": 2,
                "gpus": 0,
                "memory": 4
              }
            ],
            "scheduling_policy": [
              {
                "preemptible": false
              }
            ],
            "secondary_disk": [],
            "service_account_id": "",
            "status": "running",
            "timeouts": null,
            "zone": "ru-central1-b"
          },
          "sensitive_attributes": [],
          "private": "eyJlMmJmYjczMC1lY2FhLTExZTYtOGY4OC0zNDM2M2JjN2M0YzAiOnsiY3JlYXRlIjozMDAwMDAwMDAwMDAsImRlbGV0ZSI6MzAwMDAwMDAwMDAwLCJ1cGRhdGUiOjMwMDAwMDAwMDAwMH0sInNjaGVtYV92ZXJzaW9uIjoiMSJ9",
          "dependencies": [
            "yandex_vpc_network.default",
            "yandex_vpc_subnet.default"
          ]
        }
      ]
    },
    {
      "mode": "managed",
      "type": "yandex_vpc_network",
      "name": "default",
      "provider": "provider[\"registry.terraform.io/yandex-cloud/yandex\"]",
      "instances": [
        {
          "schema_version": 0,
          "attributes": {
            "created_at": "2023-06-22T16:53:50Z",
            "default_security_group_id": "",
            "description": "",
            "folder_id": "b1gse6fjmhipl4je57pj",
            "id": "enpl1fdij5lqg7mst1qm",
            "labels": {},
            "name": "mynewnet",
            "subnet_ids": [],
            "timeouts": null
          },
          "sensitive_attributes": [],
          "private": "eyJlMmJmYjczMC1lY2FhLTExZTYtOGY4OC0zNDM2M2JjN2M0YzAiOnsiY3JlYXRlIjo2MDAwMDAwMDAwMCwiZGVsZXRlIjo2MDAwMDAwMDAwMCwidXBkYXRlIjo2MDAwMDAwMDAwMH19"
        }
      ]
    },
    {
      "mode": "managed",
      "type": "yandex_vpc_subnet",
      "name": "default",
      "provider": "provider[\"registry.terraform.io/yandex-cloud/yandex\"]",
      "instances": [
        {
          "schema_version": 0,
          "attributes": {
            "created_at": "2023-06-22T16:53:51Z",
            "description": "",
            "dhcp_options": [],
            "folder_id": "b1gse6fjmhipl4je57pj",
            "id": "e2lj9nh3oneglilqi7e3",
            "labels": {},
            "name": "mynewsubnet",
            "network_id": "enpl1fdij5lqg7mst1qm",
            "route_table_id": "",
            "timeouts": null,
            "v4_cidr_blocks": [
              "192.168.101.0/24"
            ],
            "v6_cidr_blocks": [],
            "zone": "ru-central1-b"
          },
          "sensitive_attributes": [],
          "private": "eyJlMmJmYjczMC1lY2FhLTExZTYtOGY4OC0zNDM2M2JjN2M0YzAiOnsiY3JlYXRlIjoxODAwMDAwMDAwMDAsImRlbGV0ZSI6MTgwMDAwMDAwMDAwLCJ1cGRhdGUiOjE4MDAwMDAwMDAwMH19",
          "dependencies": [
            "yandex_vpc_network.default"
          ]
        }
      ]
    }
  ],
  "check_results": null
}
