{
  "version": 4,
  "terraform_version": "1.3.9",
  "serial": 106,
  "lineage": "c466fc91-c8cb-4c93-e24b-b962abede5b3",
  "outputs": {
    "external_ip_address_node01": {
      "value": "158.160.0.29",
      "type": "string"
    },
    "external_ip_address_node02": {
      "value": "158.160.73.139",
      "type": "string"
    },
    "internal_ip_address_node01": {
      "value": "192.168.101.11",
      "type": "string"
    },
    "internal_ip_address_node02": {
      "value": "192.168.101.12",
      "type": "string"
    }
  },
  "resources": [
    {
      "mode": "managed",
      "type": "local_file",
      "name": "inventory",
      "provider": "provider[\"registry.terraform.io/hashicorp/local\"]",
      "instances": [
        {
          "schema_version": 0,
          "attributes": {
            "content": "# Ansible inventory containing variable values from Terraform.\r\n# Generated by Terraform.\r\n\r\n---\r\nall:\r\n  hosts:\r\n    jenkins-master-01:\r\n      ansible_host: 158.160.0.29\r\n    jenkins-agent-01:\r\n      ansible_host: 158.160.73.139\r\n  children:\r\n    jenkins:\r\n      children:\r\n        jenkins_masters:\r\n          hosts:\r\n            jenkins-master-01:\r\n        jenkins_agents:\r\n          hosts:\r\n            jenkins-agent-01:\r\n  vars:\r\n    ansible_connection_type: paramiko\r\n    ansible_user: centos\r\n\r\n\r\n",
            "content_base64": null,
            "content_base64sha256": "fEAkcdBHBn2iRCJgPP7ydsC9L/kztMPevKLjCksPb4o=",
            "content_base64sha512": "TdNodpsHeY9Ij3L1GbgEaktER6GBTvItPDKR9C7JP9hfAwIz8V8m/lzorH5DOHZE7Cmn7+z0fvi/NnqxCrEi3g==",
            "content_md5": "f904882827c19243de8ef4d1ed114b8b",
            "content_sha1": "85ed5a1ae59a8067bacf4d8cc135a55cca9e6d16",
            "content_sha256": "7c402471d047067da24422603cfef276c0bd2ff933b4c3debca2e30a4b0f6f8a",
            "content_sha512": "4dd368769b07798f488f72f519b8046a4b4447a1814ef22d3c3291f42ec93fd85f030233f15f26fe5ce8ac7e43387644ec29a7efecf47ef8bf367ab10ab122de",
            "directory_permission": "0777",
            "file_permission": "0777",
            "filename": "../inventory/cicd/hosts.yml",
            "id": "85ed5a1ae59a8067bacf4d8cc135a55cca9e6d16",
            "sensitive_content": null,
            "source": null
          },
          "sensitive_attributes": [],
          "dependencies": [
            "yandex_compute_instance.jenkins-agent01",
            "yandex_compute_instance.jenkins-master01",
            "yandex_vpc_network.default",
            "yandex_vpc_subnet.default"
          ]
        }
      ]
    },
    {
      "mode": "managed",
      "type": "null_resource",
      "name": "cluster",
      "provider": "provider[\"registry.terraform.io/hashicorp/null\"]",
      "instances": [
        {
          "schema_version": 0,
          "attributes": {
            "id": "2144120871",
            "triggers": null
          },
          "sensitive_attributes": [],
          "dependencies": [
            "local_file.inventory",
            "null_resource.wait",
            "yandex_compute_instance.jenkins-agent01",
            "yandex_compute_instance.jenkins-master01",
            "yandex_vpc_network.default",
            "yandex_vpc_subnet.default"
          ]
        }
      ]
    },
    {
      "mode": "managed",
      "type": "null_resource",
      "name": "wait",
      "provider": "provider[\"registry.terraform.io/hashicorp/null\"]",
      "instances": [
        {
          "schema_version": 0,
          "attributes": {
            "id": "246801640",
            "triggers": null
          },
          "sensitive_attributes": [],
          "dependencies": [
            "local_file.inventory",
            "yandex_compute_instance.jenkins-agent01",
            "yandex_compute_instance.jenkins-master01",
            "yandex_vpc_network.default",
            "yandex_vpc_subnet.default"
          ]
        }
      ]
    },
    {
      "mode": "managed",
      "type": "yandex_compute_instance",
      "name": "jenkins-agent01",
      "provider": "provider[\"registry.terraform.io/yandex-cloud/yandex\"]",
      "instances": [
        {
          "schema_version": 1,
          "attributes": {
            "allow_recreate": null,
            "allow_stopping_for_update": true,
            "boot_disk": [
              {
                "auto_delete": true,
                "device_name": "epdtd1kj8imthmpka9nn",
                "disk_id": "epdtd1kj8imthmpka9nn",
                "initialize_params": [
                  {
                    "block_size": 4096,
                    "description": "",
                    "image_id": "fd8f5l3798bmqndsmvem",
                    "name": "root-jenkins-agent01",
                    "size": 10,
                    "snapshot_id": "",
                    "type": "network-ssd"
                  }
                ],
                "mode": "READ_WRITE"
              }
            ],
            "created_at": "2023-07-15T20:22:19Z",
            "description": "",
            "filesystem": [],
            "folder_id": "b1gse6fjmhipl4je57pj",
            "fqdn": "jenkins-agent01.netology.yc",
            "gpu_cluster_id": "",
            "hostname": "jenkins-agent01.netology.yc",
            "id": "epd7tmbgblfgc92ver0s",
            "labels": null,
            "local_disk": [],
            "metadata": {
              "ssh-keys": "centos:ssh-rsa AAAAB3NzaC1yc2EAAAADAQABAAABgQCTR2s2Gjdpv2Sq9gBVGnsnZaN0hr8h+N05s03RZOgucyFZ7b2rRlav36Bl8Dg1noje9+o5zIha9bNYwpBmZLGJRsYLI9mmh7NRruapJr/nUYNcbzsZCRvRq85aORorA78KE86sCHgzaA4DNdY3B6TIVInVC1SvImwmhNKZaLu+yqk1v04T6AjfPc5QLb+tors3r2r+5esNj/8Ej9HEGsnXVQmcXRmRRck7FINXxoJdSgOFoKYYnLwCGboXeCtL7sl2G40HLqcclnjVs3lwXZkvkcmWmJcL02aqT4BtL+pDG6D9SUGu3kJIuD3+X+RcMPh+w83bDsefn6dF2s3R1Y06AdAr8JiyHDPsDvsImopCH8udwGCSemSCpo0Xq4LRx0SZx288PaHwFgNUgVZq0g2yIr2D5twAq0m7TWqbvi0qYOIoUbDc3CaDlmcZw9Zrq3rled8UyAjPHwb4sgzOroIavsfvEhkba97qmw/W6RcdjHphwjM/QaWJ8Ye4AK+uRFM= yelena@DESKTOP-T14F2UM\n"
            },
            "metadata_options": [
              {
                "aws_v1_http_endpoint": 1,
                "aws_v1_http_token": 2,
                "gce_http_endpoint": 1,
                "gce_http_token": 1
              }
            ],
            "name": "jenkins-agent01",
            "network_acceleration_type": "standard",
            "network_interface": [
              {
                "dns_record": [],
                "index": 0,
                "ip_address": "192.168.101.12",
                "ipv4": true,
                "ipv6": false,
                "ipv6_address": "",
                "ipv6_dns_record": [],
                "mac_address": "d0:0d:7e:d9:70:5d",
                "nat": true,
                "nat_dns_record": [],
                "nat_ip_address": "158.160.73.139",
                "nat_ip_version": "IPV4",
                "security_group_ids": [],
                "subnet_id": "e2ll474j91clpr7c86hh"
              }
            ],
            "placement_policy": [
              {
                "host_affinity_rules": [],
                "placement_group_id": ""
              }
            ],
            "platform_id": "standard-v1",
            "resources": [
              {
                "core_fraction": 100,
                "cores": 2,
                "gpus": 0,
                "memory": 4
              }
            ],
            "scheduling_policy": [
              {
                "preemptible": false
              }
            ],
            "secondary_disk": [],
            "service_account_id": "",
            "status": "running",
            "timeouts": null,
            "zone": "ru-central1-b"
          },
          "sensitive_attributes": [],
          "private": "eyJlMmJmYjczMC1lY2FhLTExZTYtOGY4OC0zNDM2M2JjN2M0YzAiOnsiY3JlYXRlIjozMDAwMDAwMDAwMDAsImRlbGV0ZSI6MzAwMDAwMDAwMDAwLCJ1cGRhdGUiOjMwMDAwMDAwMDAwMH0sInNjaGVtYV92ZXJzaW9uIjoiMSJ9",
          "dependencies": [
            "yandex_vpc_network.default",
            "yandex_vpc_subnet.default"
          ]
        }
      ]
    },
    {
      "mode": "managed",
      "type": "yandex_compute_instance",
      "name": "jenkins-master01",
      "provider": "provider[\"registry.terraform.io/yandex-cloud/yandex\"]",
      "instances": [
        {
          "schema_version": 1,
          "attributes": {
            "allow_recreate": null,
            "allow_stopping_for_update": true,
            "boot_disk": [
              {
                "auto_delete": true,
                "device_name": "epdacivn36sgiihk5vc0",
                "disk_id": "epdacivn36sgiihk5vc0",
                "initialize_params": [
                  {
                    "block_size": 4096,
                    "description": "",
                    "image_id": "fd8f5l3798bmqndsmvem",
                    "name": "root-jenkins-master01",
                    "size": 10,
                    "snapshot_id": "",
                    "type": "network-ssd"
                  }
                ],
                "mode": "READ_WRITE"
              }
            ],
            "created_at": "2023-07-15T20:22:19Z",
            "description": "",
            "filesystem": [],
            "folder_id": "b1gse6fjmhipl4je57pj",
            "fqdn": "jenkins-master01.netology.yc",
            "gpu_cluster_id": "",
            "hostname": "jenkins-master01.netology.yc",
            "id": "epd5tqm8g3ut704e2mde",
            "labels": null,
            "local_disk": [],
            "metadata": {
              "ssh-keys": "centos:ssh-rsa AAAAB3NzaC1yc2EAAAADAQABAAABgQCTR2s2Gjdpv2Sq9gBVGnsnZaN0hr8h+N05s03RZOgucyFZ7b2rRlav36Bl8Dg1noje9+o5zIha9bNYwpBmZLGJRsYLI9mmh7NRruapJr/nUYNcbzsZCRvRq85aORorA78KE86sCHgzaA4DNdY3B6TIVInVC1SvImwmhNKZaLu+yqk1v04T6AjfPc5QLb+tors3r2r+5esNj/8Ej9HEGsnXVQmcXRmRRck7FINXxoJdSgOFoKYYnLwCGboXeCtL7sl2G40HLqcclnjVs3lwXZkvkcmWmJcL02aqT4BtL+pDG6D9SUGu3kJIuD3+X+RcMPh+w83bDsefn6dF2s3R1Y06AdAr8JiyHDPsDvsImopCH8udwGCSemSCpo0Xq4LRx0SZx288PaHwFgNUgVZq0g2yIr2D5twAq0m7TWqbvi0qYOIoUbDc3CaDlmcZw9Zrq3rled8UyAjPHwb4sgzOroIavsfvEhkba97qmw/W6RcdjHphwjM/QaWJ8Ye4AK+uRFM= yelena@DESKTOP-T14F2UM\n"
            },
            "metadata_options": [
              {
                "aws_v1_http_endpoint": 1,
                "aws_v1_http_token": 2,
                "gce_http_endpoint": 1,
                "gce_http_token": 1
              }
            ],
            "name": "jenkins-master01",
            "network_acceleration_type": "standard",
            "network_interface": [
              {
                "dns_record": [],
                "index": 0,
                "ip_address": "192.168.101.11",
                "ipv4": true,
                "ipv6": false,
                "ipv6_address": "",
                "ipv6_dns_record": [],
                "mac_address": "d0:0d:5e:ea:c8:80",
                "nat": true,
                "nat_dns_record": [],
                "nat_ip_address": "158.160.0.29",
                "nat_ip_version": "IPV4",
                "security_group_ids": [],
                "subnet_id": "e2ll474j91clpr7c86hh"
              }
            ],
            "placement_policy": [
              {
                "host_affinity_rules": [],
                "placement_group_id": ""
              }
            ],
            "platform_id": "standard-v1",
            "resources": [
              {
                "core_fraction": 100,
                "cores": 2,
                "gpus": 0,
                "memory": 4
              }
            ],
            "scheduling_policy": [
              {
                "preemptible": false
              }
            ],
            "secondary_disk": [],
            "service_account_id": "",
            "status": "running",
            "timeouts": null,
            "zone": "ru-central1-b"
          },
          "sensitive_attributes": [],
          "private": "eyJlMmJmYjczMC1lY2FhLTExZTYtOGY4OC0zNDM2M2JjN2M0YzAiOnsiY3JlYXRlIjozMDAwMDAwMDAwMDAsImRlbGV0ZSI6MzAwMDAwMDAwMDAwLCJ1cGRhdGUiOjMwMDAwMDAwMDAwMH0sInNjaGVtYV92ZXJzaW9uIjoiMSJ9",
          "dependencies": [
            "yandex_vpc_network.default",
            "yandex_vpc_subnet.default"
          ]
        }
      ]
    },
    {
      "mode": "managed",
      "type": "yandex_vpc_network",
      "name": "default",
      "provider": "provider[\"registry.terraform.io/yandex-cloud/yandex\"]",
      "instances": [
        {
          "schema_version": 0,
          "attributes": {
            "created_at": "2023-07-15T20:22:08Z",
            "default_security_group_id": "",
            "description": "",
            "folder_id": "b1gse6fjmhipl4je57pj",
            "id": "enphe7mfavvsrel3cl4d",
            "labels": {},
            "name": "mynewnet",
            "subnet_ids": [],
            "timeouts": null
          },
          "sensitive_attributes": [],
          "private": "eyJlMmJmYjczMC1lY2FhLTExZTYtOGY4OC0zNDM2M2JjN2M0YzAiOnsiY3JlYXRlIjo2MDAwMDAwMDAwMCwiZGVsZXRlIjo2MDAwMDAwMDAwMCwidXBkYXRlIjo2MDAwMDAwMDAwMH19"
        }
      ]
    },
    {
      "mode": "managed",
      "type": "yandex_vpc_subnet",
      "name": "default",
      "provider": "provider[\"registry.terraform.io/yandex-cloud/yandex\"]",
      "instances": [
        {
          "schema_version": 0,
          "attributes": {
            "created_at": "2023-07-15T20:22:09Z",
            "description": "",
            "dhcp_options": [],
            "folder_id": "b1gse6fjmhipl4je57pj",
            "id": "e2ll474j91clpr7c86hh",
            "labels": {},
            "name": "mynewsubnet",
            "network_id": "enphe7mfavvsrel3cl4d",
            "route_table_id": "",
            "timeouts": null,
            "v4_cidr_blocks": [
              "192.168.101.0/24"
            ],
            "v6_cidr_blocks": [],
            "zone": "ru-central1-b"
          },
          "sensitive_attributes": [],
          "private": "eyJlMmJmYjczMC1lY2FhLTExZTYtOGY4OC0zNDM2M2JjN2M0YzAiOnsiY3JlYXRlIjoxODAwMDAwMDAwMDAsImRlbGV0ZSI6MTgwMDAwMDAwMDAwLCJ1cGRhdGUiOjE4MDAwMDAwMDAwMH19",
          "dependencies": [
            "yandex_vpc_network.default"
          ]
        }
      ]
    }
  ],
  "check_results": null
}
